Microsoft Visual Studio Solution File, Format Version 11.00
# Visual Studio 2008

Project("{5FC3BA87-85B6-ADE7-A949-C027BECF9B10}") = "Rhythm Game", "Assembly-CSharp-firstpass.csproj", "{18604E23-BDA0-646E-1DB8-2A9E8EF39A04}"
EndProject
Project("{5FC3BA87-85B6-ADE7-A949-C027BECF9B10}") = "Rhythm Game", "Assembly-CSharp.csproj", "{39619D8C-3F6C-F370-3E5A-57A3A31FD1F5}"
EndProject
Project("{5FC3BA87-85B6-ADE7-A949-C027BECF9B10}") = "Rhythm Game", "Assembly-CSharp-Editor-firstpass.csproj", "{CB768780-B9A2-7D93-984F-EC9A0081AA8C}"
EndProject
Global
	GlobalSection(SolutionConfigurationPlatforms) = preSolution
		Debug|Any CPU = Debug|Any CPU
		Release|Any CPU = Release|Any CPU
	EndGlobalSection
	GlobalSection(ProjectConfigurationPlatforms) = postSolution
		{18604E23-BDA0-646E-1DB8-2A9E8EF39A04}.Debug|Any CPU.ActiveCfg = Debug|Any CPU
		{18604E23-BDA0-646E-1DB8-2A9E8EF39A04}.Debug|Any CPU.Build.0 = Debug|Any CPU
		{18604E23-BDA0-646E-1DB8-2A9E8EF39A04}.Release|Any CPU.ActiveCfg = Release|Any CPU
		{18604E23-BDA0-646E-1DB8-2A9E8EF39A04}.Release|Any CPU.Build.0 = Release|Any CPU
		{39619D8C-3F6C-F370-3E5A-57A3A31FD1F5}.Debug|Any CPU.ActiveCfg = Debug|Any CPU
		{39619D8C-3F6C-F370-3E5A-57A3A31FD1F5}.Debug|Any CPU.Build.0 = Debug|Any CPU
		{39619D8C-3F6C-F370-3E5A-57A3A31FD1F5}.Release|Any CPU.ActiveCfg = Release|Any CPU
		{39619D8C-3F6C-F370-3E5A-57A3A31FD1F5}.Release|Any CPU.Build.0 = Release|Any CPU
		{CB768780-B9A2-7D93-984F-EC9A0081AA8C}.Debug|Any CPU.ActiveCfg = Debug|Any CPU
		{CB768780-B9A2-7D93-984F-EC9A0081AA8C}.Debug|Any CPU.Build.0 = Debug|Any CPU
		{CB768780-B9A2-7D93-984F-EC9A0081AA8C}.Release|Any CPU.ActiveCfg = Release|Any CPU
		{CB768780-B9A2-7D93-984F-EC9A0081AA8C}.Release|Any CPU.Build.0 = Release|Any CPU
	EndGlobalSection
	GlobalSection(SolutionProperties) = preSolution
		HideSolutionNode = FALSE
	EndGlobalSection
	GlobalSection(MonoDevelopProperties) = preSolution
		StartupItem = Assembly-CSharp.csproj
	EndGlobalSection
EndGlobal
